
Microsoft Visual Studio Solution File, Format Version 12.00
# Visual Studio Version 17
VisualStudioVersion = 17.0.32014.148
MinimumVisualStudioVersion = 10.0.40219.1
Project("{FAE04EC0-301F-11D3-BF4B-00C04F79EFBC}") = "BasicPrograms", "BasicPrograms\BasicPrograms.csproj", "{8E586C09-7A4F-4A4B-A457-37EECFC90323}"
EndProject
Global
	GlobalSection(SolutionConfigurationPlatforms) = preSolution
		Debug|Any CPU = Debug|Any CPU
		Release|Any CPU = Release|Any CPU
	EndGlobalSection
	GlobalSection(ProjectConfigurationPlatforms) = postSolution
		{8E586C09-7A4F-4A4B-A457-37EECFC90323}.Debug|Any CPU.ActiveCfg = Debug|Any CPU
		{8E586C09-7A4F-4A4B-A457-37EECFC90323}.Debug|Any CPU.Build.0 = Debug|Any CPU
		{8E586C09-7A4F-4A4B-A457-37EECFC90323}.Release|Any CPU.ActiveCfg = Release|Any CPU
		{8E586C09-7A4F-4A4B-A457-37EECFC90323}.Release|Any CPU.Build.0 = Release|Any CPU
	EndGlobalSection
	GlobalSection(SolutionProperties) = preSolution
		HideSolutionNode = FALSE
	EndGlobalSection
	GlobalSection(ExtensibilityGlobals) = postSolution
		SolutionGuid = {76760201-DF24-4207-8E54-7A0D83D186C5}
	EndGlobalSection
EndGlobal
